// !$*UTF8*$!
{
	archiveVersion = 1;
	classes = {
	};
	objectVersion = 46;
	objects = {

/* Begin PBXBuildFile section */
		B655B94F1C8D739B0001C8B1 /* PlaySoundsViewController.swift in Sources */ = {isa = PBXBuildFile; fileRef = B655B94E1C8D739B0001C8B1 /* PlaySoundsViewController.swift */; };
		B655B9511C8D7ADF0001C8B1 /* movie_quote.mp3 in Resources */ = {isa = PBXBuildFile; fileRef = B655B9501C8D7ADF0001C8B1 /* movie_quote.mp3 */; };
		B655B9531C8DAEA30001C8B1 /* RecordedAudio.swift in Sources */ = {isa = PBXBuildFile; fileRef = B655B9521C8DAEA30001C8B1 /* RecordedAudio.swift */; };
		B6701D871C8C976200D6DDE6 /* AppDelegate.swift in Sources */ = {isa = PBXBuildFile; fileRef = B6701D861C8C976200D6DDE6 /* AppDelegate.swift */; };
		B6701D891C8C976200D6DDE6 /* RecordSoundsViewController.swift in Sources */ = {isa = PBXBuildFile; fileRef = B6701D881C8C976200D6DDE6 /* RecordSoundsViewController.swift */; };
		B6701D8C1C8C976200D6DDE6 /* Main.storyboard in Resources */ = {isa = PBXBuildFile; fileRef = B6701D8A1C8C976200D6DDE6 /* Main.storyboard */; };
		B6701D8E1C8C976200D6DDE6 /* Assets.xcassets in Resources */ = {isa = PBXBuildFile; fileRef = B6701D8D1C8C976200D6DDE6 /* Assets.xcassets */; };
		B6701D911C8C976200D6DDE6 /* LaunchScreen.storyboard in Resources */ = {isa = PBXBuildFile; fileRef = B6701D8F1C8C976200D6DDE6 /* LaunchScreen.storyboard */; };
		B6701D9C1C8C976200D6DDE6 /* Pitch_PerfectTests.swift in Sources */ = {isa = PBXBuildFile; fileRef = B6701D9B1C8C976200D6DDE6 /* Pitch_PerfectTests.swift */; };
		B6701DA71C8C976200D6DDE6 /* Pitch_PerfectUITests.swift in Sources */ = {isa = PBXBuildFile; fileRef = B6701DA61C8C976200D6DDE6 /* Pitch_PerfectUITests.swift */; };
/* End PBXBuildFile section */

/* Begin PBXContainerItemProxy section */
		B6701D981C8C976200D6DDE6 /* PBXContainerItemProxy */ = {
			isa = PBXContainerItemProxy;
			containerPortal = B6701D7B1C8C976200D6DDE6 /* Project object */;
			proxyType = 1;
			remoteGlobalIDString = B6701D821C8C976200D6DDE6;
			remoteInfo = "Pitch Perfect";
		};
		B6701DA31C8C976200D6DDE6 /* PBXContainerItemProxy */ = {
			isa = PBXContainerItemProxy;
			containerPortal = B6701D7B1C8C976200D6DDE6 /* Project object */;
			proxyType = 1;
			remoteGlobalIDString = B6701D821C8C976200D6DDE6;
			remoteInfo = "Pitch Perfect";
		};
/* End PBXContainerItemProxy section */

/* Begin PBXFileReference section */
		B655B94E1C8D739B0001C8B1 /* PlaySoundsViewController.swift */ = {isa = PBXFileReference; fileEncoding = 4; lastKnownFileType = sourcecode.swift; path = PlaySoundsViewController.swift; sourceTree = "<group>"; };
		B655B9501C8D7ADF0001C8B1 /* movie_quote.mp3 */ = {isa = PBXFileReference; lastKnownFileType = audio.mp3; name = movie_quote.mp3; path = "../../Images and Sounds/Pitch Perfect/Sounds/movie_quote.mp3"; sourceTree = "<group>"; };
		B655B9521C8DAEA30001C8B1 /* RecordedAudio.swift */ = {isa = PBXFileReference; fileEncoding = 4; lastKnownFileType = sourcecode.swift; path = RecordedAudio.swift; sourceTree = "<group>"; };
		B6701D831C8C976200D6DDE6 /* Pitch Perfect.app */ = {isa = PBXFileReference; explicitFileType = wrapper.application; includeInIndex = 0; path = "Pitch Perfect.app"; sourceTree = BUILT_PRODUCTS_DIR; };
		B6701D861C8C976200D6DDE6 /* AppDelegate.swift */ = {isa = PBXFileReference; lastKnownFileType = sourcecode.swift; path = AppDelegate.swift; sourceTree = "<group>"; };
		B6701D881C8C976200D6DDE6 /* RecordSoundsViewController.swift */ = {isa = PBXFileReference; lastKnownFileType = sourcecode.swift; path = RecordSoundsViewController.swift; sourceTree = "<group>"; };
		B6701D8B1C8C976200D6DDE6 /* Base */ = {isa = PBXFileReference; lastKnownFileType = file.storyboard; name = Base; path = Base.lproj/Main.storyboard; sourceTree = "<group>"; };
		B6701D8D1C8C976200D6DDE6 /* Assets.xcassets */ = {isa = PBXFileReference; lastKnownFileType = folder.assetcatalog; path = Assets.xcassets; sourceTree = "<group>"; };
		B6701D901C8C976200D6DDE6 /* Base */ = {isa = PBXFileReference; lastKnownFileType = file.storyboard; name = Base; path = Base.lproj/LaunchScreen.storyboard; sourceTree = "<group>"; };
		B6701D921C8C976200D6DDE6 /* Info.plist */ = {isa = PBXFileReference; lastKnownFileType = text.plist.xml; path = Info.plist; sourceTree = "<group>"; };
		B6701D971C8C976200D6DDE6 /* Pitch PerfectTests.xctest */ = {isa = PBXFileReference; explicitFileType = wrapper.cfbundle; includeInIndex = 0; path = "Pitch PerfectTests.xctest"; sourceTree = BUILT_PRODUCTS_DIR; };
		B6701D9B1C8C976200D6DDE6 /* Pitch_PerfectTests.swift */ = {isa = PBXFileReference; lastKnownFileType = sourcecode.swift; path = Pitch_PerfectTests.swift; sourceTree = "<group>"; };
		B6701D9D1C8C976200D6DDE6 /* Info.plist */ = {isa = PBXFileReference; lastKnownFileType = text.plist.xml; path = Info.plist; sourceTree = "<group>"; };
		B6701DA21C8C976200D6DDE6 /* Pitch PerfectUITests.xctest */ = {isa = PBXFileReference; explicitFileType = wrapper.cfbundle; includeInIndex = 0; path = "Pitch PerfectUITests.xctest"; sourceTree = BUILT_PRODUCTS_DIR; };
		B6701DA61C8C976200D6DDE6 /* Pitch_PerfectUITests.swift */ = {isa = PBXFileReference; lastKnownFileType = sourcecode.swift; path = Pitch_PerfectUITests.swift; sourceTree = "<group>"; };
		B6701DA81C8C976200D6DDE6 /* Info.plist */ = {isa = PBXFileReference; lastKnownFileType = text.plist.xml; path = Info.plist; sourceTree = "<group>"; };
/* End PBXFileReference section */

/* Begin PBXFrameworksBuildPhase section */
		B6701D801C8C976200D6DDE6 /* Frameworks */ = {
			isa = PBXFrameworksBuildPhase;
			buildActionMask = 2147483647;
			files = (
			);
			runOnlyForDeploymentPostprocessing = 0;
		};
		B6701D941C8C976200D6DDE6 /* Frameworks */ = {
			isa = PBXFrameworksBuildPhase;
			buildActionMask = 2147483647;
			files = (
			);
			runOnlyForDeploymentPostprocessing = 0;
		};
		B6701D9F1C8C976200D6DDE6 /* Frameworks */ = {
			isa = PBXFrameworksBuildPhase;
			buildActionMask = 2147483647;
			files = (
			);
			runOnlyForDeploymentPostprocessing = 0;
		};
/* End PBXFrameworksBuildPhase section */

/* Begin PBXGroup section */
		B6701D7A1C8C976200D6DDE6 = {
			isa = PBXGroup;
			children = (
				B6701D851C8C976200D6DDE6 /* Pitch Perfect */,
				B6701D9A1C8C976200D6DDE6 /* Pitch PerfectTests */,
				B6701DA51C8C976200D6DDE6 /* Pitch PerfectUITests */,
				B6701D841C8C976200D6DDE6 /* Products */,
			);
			sourceTree = "<group>";
		};
		B6701D841C8C976200D6DDE6 /* Products */ = {
			isa = PBXGroup;
			children = (
				B6701D831C8C976200D6DDE6 /* Pitch Perfect.app */,
				B6701D971C8C976200D6DDE6 /* Pitch PerfectTests.xctest */,
				B6701DA21C8C976200D6DDE6 /* Pitch PerfectUITests.xctest */,
			);
			name = Products;
			sourceTree = "<group>";
		};
		B6701D851C8C976200D6DDE6 /* Pitch Perfect */ = {
			isa = PBXGroup;
			children = (
				B6701D861C8C976200D6DDE6 /* AppDelegate.swift */,
				B6701D881C8C976200D6DDE6 /* RecordSoundsViewController.swift */,
				B655B9521C8DAEA30001C8B1 /* RecordedAudio.swift */,
				B655B94E1C8D739B0001C8B1 /* PlaySoundsViewController.swift */,
				B655B9501C8D7ADF0001C8B1 /* movie_quote.mp3 */,
				B6701D8A1C8C976200D6DDE6 /* Main.storyboard */,
				B6701D8D1C8C976200D6DDE6 /* Assets.xcassets */,
				B6701D8F1C8C976200D6DDE6 /* LaunchScreen.storyboard */,
				B6701D921C8C976200D6DDE6 /* Info.plist */,
			);
			path = "Pitch Perfect";
			sourceTree = "<group>";
		};
		B6701D9A1C8C976200D6DDE6 /* Pitch PerfectTests */ = {
			isa = PBXGroup;
			children = (
				B6701D9B1C8C976200D6DDE6 /* Pitch_PerfectTests.swift */,
				B6701D9D1C8C976200D6DDE6 /* Info.plist */,
			);
			path = "Pitch PerfectTests";
			sourceTree = "<group>";
		};
		B6701DA51C8C976200D6DDE6 /* Pitch PerfectUITests */ = {
			isa = PBXGroup;
			children = (
				B6701DA61C8C976200D6DDE6 /* Pitch_PerfectUITests.swift */,
				B6701DA81C8C976200D6DDE6 /* Info.plist */,
			);
			path = "Pitch PerfectUITests";
			sourceTree = "<group>";
		};
/* End PBXGroup section */

/* Begin PBXNativeTarget section */
		B6701D821C8C976200D6DDE6 /* Pitch Perfect */ = {
			isa = PBXNativeTarget;
			buildConfigurationList = B6701DAB1C8C976200D6DDE6 /* Build configuration list for PBXNativeTarget "Pitch Perfect" */;
			buildPhases = (
				B6701D7F1C8C976200D6DDE6 /* Sources */,
				B6701D801C8C976200D6DDE6 /* Frameworks */,
				B6701D811C8C976200D6DDE6 /* Resources */,
			);
			buildRules = (
			);
			dependencies = (
			);
			name = "Pitch Perfect";
			productName = "Pitch Perfect";
			productReference = B6701D831C8C976200D6DDE6 /* Pitch Perfect.app */;
			productType = "com.apple.product-type.application";
		};
		B6701D961C8C976200D6DDE6 /* Pitch PerfectTests */ = {
			isa = PBXNativeTarget;
			buildConfigurationList = B6701DAE1C8C976200D6DDE6 /* Build configuration list for PBXNativeTarget "Pitch PerfectTests" */;
			buildPhases = (
				B6701D931C8C976200D6DDE6 /* Sources */,
				B6701D941C8C976200D6DDE6 /* Frameworks */,
				B6701D951C8C976200D6DDE6 /* Resources */,
			);
			buildRules = (
			);
			dependencies = (
				B6701D991C8C976200D6DDE6 /* PBXTargetDependency */,
			);
			name = "Pitch PerfectTests";
			productName = "Pitch PerfectTests";
			productReference = B6701D971C8C976200D6DDE6 /* Pitch PerfectTests.xctest */;
			productType = "com.apple.product-type.bundle.unit-test";
		};
		B6701DA11C8C976200D6DDE6 /* Pitch PerfectUITests */ = {
			isa = PBXNativeTarget;
			buildConfigurationList = B6701DB11C8C976200D6DDE6 /* Build configuration list for PBXNativeTarget "Pitch PerfectUITests" */;
			buildPhases = (
				B6701D9E1C8C976200D6DDE6 /* Sources */,
				B6701D9F1C8C976200D6DDE6 /* Frameworks */,
				B6701DA01C8C976200D6DDE6 /* Resources */,
			);
			buildRules = (
			);
			dependencies = (
				B6701DA41C8C976200D6DDE6 /* PBXTargetDependency */,
			);
			name = "Pitch PerfectUITests";
			productName = "Pitch PerfectUITests";
			productReference = B6701DA21C8C976200D6DDE6 /* Pitch PerfectUITests.xctest */;
			productType = "com.apple.product-type.bundle.ui-testing";
		};
/* End PBXNativeTarget section */

/* Begin PBXProject section */
		B6701D7B1C8C976200D6DDE6 /* Project object */ = {
			isa = PBXProject;
			attributes = {
				LastSwiftUpdateCheck = 0720;
				LastUpgradeCheck = 0720;
				ORGANIZATIONNAME = "Sandra Adams-Hallie";
				TargetAttributes = {
					B6701D821C8C976200D6DDE6 = {
						CreatedOnToolsVersion = 7.2.1;
						DevelopmentTeam = CUCMS62PXX;
					};
					B6701D961C8C976200D6DDE6 = {
						CreatedOnToolsVersion = 7.2.1;
						DevelopmentTeam = CUCMS62PXX;
						TestTargetID = B6701D821C8C976200D6DDE6;
					};
					B6701DA11C8C976200D6DDE6 = {
						CreatedOnToolsVersion = 7.2.1;
						DevelopmentTeam = CUCMS62PXX;
						TestTargetID = B6701D821C8C976200D6DDE6;
					};
				};
			};
			buildConfigurationList = B6701D7E1C8C976200D6DDE6 /* Build configuration list for PBXProject "Pitch Perfect" */;
			compatibilityVersion = "Xcode 3.2";
			developmentRegion = English;
			hasScannedForEncodings = 0;
			knownRegions = (
				en,
				Base,
			);
			mainGroup = B6701D7A1C8C976200D6DDE6;
			productRefGroup = B6701D841C8C976200D6DDE6 /* Products */;
			projectDirPath = "";
			projectRoot = "";
			targets = (
				B6701D821C8C976200D6DDE6 /* Pitch Perfect */,
				B6701D961C8C976200D6DDE6 /* Pitch PerfectTests */,
				B6701DA11C8C976200D6DDE6 /* Pitch PerfectUITests */,
			);
		};
/* End PBXProject section */

/* Begin PBXResourcesBuildPhase section */
		B6701D811C8C976200D6DDE6 /* Resources */ = {
			isa = PBXResourcesBuildPhase;
			buildActionMask = 2147483647;
			files = (
				B6701D911C8C976200D6DDE6 /* LaunchScreen.storyboard in Resources */,
				B6701D8E1C8C976200D6DDE6 /* Assets.xcassets in Resources */,
				B655B9511C8D7ADF0001C8B1 /* movie_quote.mp3 in Resources */,
				B6701D8C1C8C976200D6DDE6 /* Main.storyboard in Resources */,
			);
			runOnlyForDeploymentPostprocessing = 0;
		};
		B6701D951C8C976200D6DDE6 /* Resources */ = {
			isa = PBXResourcesBuildPhase;
			buildActionMask = 2147483647;
			files = (
			);
			runOnlyForDeploymentPostprocessing = 0;
		};
		B6701DA01C8C976200D6DDE6 /* Resources */ = {
			isa = PBXResourcesBuildPhase;
			buildActionMask = 2147483647;
			files = (
			);
			runOnlyForDeploymentPostprocessing = 0;
		};
/* End PBXResourcesBuildPhase section */

/* Begin PBXSourcesBuildPhase section */
		B6701D7F1C8C976200D6DDE6 /* Sources */ = {
			isa = PBXSourcesBuildPhase;
			buildActionMask = 2147483647;
			files = (
				B655B9531C8DAEA30001C8B1 /* RecordedAudio.swift in Sources */,
				B6701D891C8C976200D6DDE6 /* RecordSoundsViewController.swift in Sources */,
				B655B94F1C8D739B0001C8B1 /* PlaySoundsViewController.swift in Sources */,
				B6701D871C8C976200D6DDE6 /* AppDelegate.swift in Sources */,
			);
			runOnlyForDeploymentPostprocessing = 0;
		};
		B6701D931C8C976200D6DDE6 /* Sources */ = {
			isa = PBXSourcesBuildPhase;
			buildActionMask = 2147483647;
			files = (
				B6701D9C1C8C976200D6DDE6 /* Pitch_PerfectTests.swift in Sources */,
			);
			runOnlyForDeploymentPostprocessing = 0;
		};
		B6701D9E1C8C976200D6DDE6 /* Sources */ = {
			isa = PBXSourcesBuildPhase;
			buildActionMask = 2147483647;
			files = (
				B6701DA71C8C976200D6DDE6 /* Pitch_PerfectUITests.swift in Sources */,
			);
			runOnlyForDeploymentPostprocessing = 0;
		};
/* End PBXSourcesBuildPhase section */

/* Begin PBXTargetDependency section */
		B6701D991C8C976200D6DDE6 /* PBXTargetDependency */ = {
			isa = PBXTargetDependency;
			target = B6701D821C8C976200D6DDE6 /* Pitch Perfect */;
			targetProxy = B6701D981C8C976200D6DDE6 /* PBXContainerItemProxy */;
		};
		B6701DA41C8C976200D6DDE6 /* PBXTargetDependency */ = {
			isa = PBXTargetDependency;
			target = B6701D821C8C976200D6DDE6 /* Pitch Perfect */;
			targetProxy = B6701DA31C8C976200D6DDE6 /* PBXContainerItemProxy */;
		};
/* End PBXTargetDependency section */

/* Begin PBXVariantGroup section */
		B6701D8A1C8C976200D6DDE6 /* Main.storyboard */ = {
			isa = PBXVariantGroup;
			children = (
				B6701D8B1C8C976200D6DDE6 /* Base */,
			);
			name = Main.storyboard;
			sourceTree = "<group>";
		};
		B6701D8F1C8C976200D6DDE6 /* LaunchScreen.storyboard */ = {
			isa = PBXVariantGroup;
			children = (
				B6701D901C8C976200D6DDE6 /* Base */,
			);
			name = LaunchScreen.storyboard;
			sourceTree = "<group>";
		};
/* End PBXVariantGroup section */

/* Begin XCBuildConfiguration section */
		B6701DA91C8C976200D6DDE6 /* Debug */ = {
			isa = XCBuildConfiguration;
			buildSettings = {
				ALWAYS_SEARCH_USER_PATHS = NO;
				CLANG_CXX_LANGUAGE_STANDARD = "gnu++0x";
				CLANG_CXX_LIBRARY = "libc++";
				CLANG_ENABLE_MODULES = YES;
				CLANG_ENABLE_OBJC_ARC = YES;
				CLANG_WARN_BOOL_CONVERSION = YES;
				CLANG_WARN_CONSTANT_CONVERSION = YES;
				CLANG_WARN_DIRECT_OBJC_ISA_USAGE = YES_ERROR;
				CLANG_WARN_EMPTY_BODY = YES;
				CLANG_WARN_ENUM_CONVERSION = YES;
				CLANG_WARN_INT_CONVERSION = YES;
				CLANG_WARN_OBJC_ROOT_CLASS = YES_ERROR;
				CLANG_WARN_UNREACHABLE_CODE = YES;
				CLANG_WARN__DUPLICATE_METHOD_MATCH = YES;
				"CODE_SIGN_IDENTITY[sdk=iphoneos*]" = "iPhone Developer";
				COPY_PHASE_STRIP = NO;
				DEBUG_INFORMATION_FORMAT = dwarf;
				ENABLE_STRICT_OBJC_MSGSEND = YES;
				ENABLE_TESTABILITY = YES;
				GCC_C_LANGUAGE_STANDARD = gnu99;
				GCC_DYNAMIC_NO_PIC = NO;
				GCC_NO_COMMON_BLOCKS = YES;
				GCC_OPTIMIZATION_LEVEL = 0;
				GCC_PREPROCESSOR_DEFINITIONS = (
					"DEBUG=1",
					"$(inherited)",
				);
				GCC_WARN_64_TO_32_BIT_CONVERSION = YES;
				GCC_WARN_ABOUT_RETURN_TYPE = YES_ERROR;
				GCC_WARN_UNDECLARED_SELECTOR = YES;
				GCC_WARN_UNINITIALIZED_AUTOS = YES_AGGRESSIVE;
				GCC_WARN_UNUSED_FUNCTION = YES;
				GCC_WARN_UNUSED_VARIABLE = YES;
				IPHONEOS_DEPLOYMENT_TARGET = 9.2;
				MTL_ENABLE_DEBUG_INFO = YES;
				ONLY_ACTIVE_ARCH = YES;
				SDKROOT = iphoneos;
				SWIFT_OPTIMIZATION_LEVEL = "-Onone";
			};
			name = Debug;
		};
		B6701DAA1C8C976200D6DDE6 /* Release */ = {
			isa = XCBuildConfiguration;
			buildSettings = {
				ALWAYS_SEARCH_USER_PATHS = NO;
				CLANG_CXX_LANGUAGE_STANDARD = "gnu++0x";
				CLANG_CXX_LIBRARY = "libc++";
				CLANG_ENABLE_MODULES = YES;
				CLANG_ENABLE_OBJC_ARC = YES;
				CLANG_WARN_BOOL_CONVERSION = YES;
				CLANG_WARN_CONSTANT_CONVERSION = YES;
				CLANG_WARN_DIRECT_OBJC_ISA_USAGE = YES_ERROR;
				CLANG_WARN_EMPTY_BODY = YES;
				CLANG_WARN_ENUM_CONVERSION = YES;
				CLANG_WARN_INT_CONVERSION = YES;
				CLANG_WARN_OBJC_ROOT_CLASS = YES_ERROR;
				CLANG_WARN_UNREACHABLE_CODE = YES;
				CLANG_WARN__DUPLICATE_METHOD_MATCH = YES;
				"CODE_SIGN_IDENTITY[sdk=iphoneos*]" = "iPhone Developer";
				COPY_PHASE_STRIP = NO;
				DEBUG_INFORMATION_FORMAT = "dwarf-with-dsym";
				ENABLE_NS_ASSERTIONS = NO;
				ENABLE_STRICT_OBJC_MSGSEND = YES;
				GCC_C_LANGUAGE_STANDARD = gnu99;
				GCC_NO_COMMON_BLOCKS = YES;
				GCC_WARN_64_TO_32_BIT_CONVERSION = YES;
				GCC_WARN_ABOUT_RETURN_TYPE = YES_ERROR;
				GCC_WARN_UNDECLARED_SELECTOR = YES;
				GCC_WARN_UNINITIALIZED_AUTOS = YES_AGGRESSIVE;
				GCC_WARN_UNUSED_FUNCTION = YES;
				GCC_WARN_UNUSED_VARIABLE = YES;
				IPHONEOS_DEPLOYMENT_TARGET = 9.2;
				MTL_ENABLE_DEBUG_INFO = NO;
				SDKROOT = iphoneos;
				VALIDATE_PRODUCT = YES;
			};
			name = Release;
		};
		B6701DAC1C8C976200D6DDE6 /* Debug */ = {
			isa = XCBuildConfiguration;
			buildSettings = {
				ASSETCATALOG_COMPILER_APPICON_NAME = AppIcon;
				INFOPLIST_FILE = "Pitch Perfect/Info.plist";
				LD_RUNPATH_SEARCH_PATHS = "$(inherited) @executable_path/Frameworks";
				PRODUCT_BUNDLE_IDENTIFIER = "com.sandralouise.Pitch-Perfect";
				PRODUCT_NAME = "$(TARGET_NAME)";
			};
			name = Debug;
		};
		B6701DAD1C8C976200D6DDE6 /* Release */ = {
			isa = XCBuildConfiguration;
			buildSettings = {
				ASSETCATALOG_COMPILER_APPICON_NAME = AppIcon;
				INFOPLIST_FILE = "Pitch Perfect/Info.plist";
				LD_RUNPATH_SEARCH_PATHS = "$(inherited) @executable_path/Frameworks";
				PRODUCT_BUNDLE_IDENTIFIER = "com.sandralouise.Pitch-Perfect";
				PRODUCT_NAME = "$(TARGET_NAME)";
			};
			name = Release;
		};
		B6701DAF1C8C976200D6DDE6 /* Debug */ = {
			isa = XCBuildConfiguration;
			buildSettings = {
				BUNDLE_LOADER = "$(TEST_HOST)";
				INFOPLIST_FILE = "Pitch PerfectTests/Info.plist";
				LD_RUNPATH_SEARCH_PATHS = "$(inherited) @executable_path/Frameworks @loader_path/Frameworks";
				PRODUCT_BUNDLE_IDENTIFIER = "com.sandralouise.Pitch-PerfectTests";
				PRODUCT_NAME = "$(TARGET_NAME)";
				TEST_HOST = "$(BUILT_PRODUCTS_DIR)/Pitch Perfect.app/Pitch Perfect";
			};
			name = Debug;
		};
		B6701DB01C8C976200D6DDE6 /* Release */ = {
			isa = XCBuildConfiguration;
			buildSettings = {
				BUNDLE_LOADER = "$(TEST_HOST)";
				INFOPLIST_FILE = "Pitch PerfectTests/Info.plist";
				LD_RUNPATH_SEARCH_PATHS = "$(inherited) @executable_path/Frameworks @loader_path/Frameworks";
				PRODUCT_BUNDLE_IDENTIFIER = "com.sandralouise.Pitch-PerfectTests";
				PRODUCT_NAME = "$(TARGET_NAME)";
				TEST_HOST = "$(BUILT_PRODUCTS_DIR)/Pitch Perfect.app/Pitch Perfect";
			};
			name = Release;
		};
		B6701DB21C8C976200D6DDE6 /* Debug */ = {
			isa = XCBuildConfiguration;
			buildSettings = {
				INFOPLIST_FILE = "Pitch PerfectUITests/Info.plist";
				LD_RUNPATH_SEARCH_PATHS = "$(inherited) @executable_path/Frameworks @loader_path/Frameworks";
				PRODUCT_BUNDLE_IDENTIFIER = "com.sandralouise.Pitch-PerfectUITests";
				PRODUCT_NAME = "$(TARGET_NAME)";
				TEST_TARGET_NAME = "Pitch Perfect";
				USES_XCTRUNNER = YES;
			};
			name = Debug;
		};
		B6701DB31C8C976200D6DDE6 /* Release */ = {
			isa = XCBuildConfiguration;
			buildSettings = {
				INFOPLIST_FILE = "Pitch PerfectUITests/Info.plist";
				LD_RUNPATH_SEARCH_PATHS = "$(inherited) @executable_path/Frameworks @loader_path/Frameworks";
				PRODUCT_BUNDLE_IDENTIFIER = "com.sandralouise.Pitch-PerfectUITests";
				PRODUCT_NAME = "$(TARGET_NAME)";
				TEST_TARGET_NAME = "Pitch Perfect";
				USES_XCTRUNNER = YES;
			};
			name = Release;
		};
/* End XCBuildConfiguration section */

/* Begin XCConfigurationList section */
		B6701D7E1C8C976200D6DDE6 /* Build configuration list for PBXProject "Pitch Perfect" */ = {
			isa = XCConfigurationList;
			buildConfigurations = (
				B6701DA91C8C976200D6DDE6 /* Debug */,
				B6701DAA1C8C976200D6DDE6 /* Release */,
			);
			defaultConfigurationIsVisible = 0;
			defaultConfigurationName = Release;
		};
		B6701DAB1C8C976200D6DDE6 /* Build configuration list for PBXNativeTarget "Pitch Perfect" */ = {
			isa = XCConfigurationList;
			buildConfigurations = (
				B6701DAC1C8C976200D6DDE6 /* Debug */,
				B6701DAD1C8C976200D6DDE6 /* Release */,
			);
			defaultConfigurationIsVisible = 0;
			defaultConfigurationName = Release;
		};
		B6701DAE1C8C976200D6DDE6 /* Build configuration list for PBXNativeTarget "Pitch PerfectTests" */ = {
			isa = XCConfigurationList;
			buildConfigurations = (
				B6701DAF1C8C976200D6DDE6 /* Debug */,
				B6701DB01C8C976200D6DDE6 /* Release */,
			);
			defaultConfigurationIsVisible = 0;
			defaultConfigurationName = Release;
		};
		B6701DB11C8C976200D6DDE6 /* Build configuration list for PBXNativeTarget "Pitch PerfectUITests" */ = {
			isa = XCConfigurationList;
			buildConfigurations = (
				B6701DB21C8C976200D6DDE6 /* Debug */,
				B6701DB31C8C976200D6DDE6 /* Release */,
			);
			defaultConfigurationIsVisible = 0;
			defaultConfigurationName = Release;
		};
/* End XCConfigurationList section */
	};
	rootObject = B6701D7B1C8C976200D6DDE6 /* Project object */;
}
